
Microsoft Visual Studio Solution File, Format Version 12.00
Project("{FAE04EC0-301F-11D3-BF4B-00C04F79EFBC}") = "Switch", "Switch\Switch.csproj", "{47ACE14B-4096-4EC3-926A-9D2EE550D34B}"
EndProject
Global
	GlobalSection(SolutionConfigurationPlatforms) = preSolution
		Debug|Any CPU = Debug|Any CPU
		Release|Any CPU = Release|Any CPU
	EndGlobalSection
	GlobalSection(ProjectConfigurationPlatforms) = postSolution
		{47ACE14B-4096-4EC3-926A-9D2EE550D34B}.Debug|Any CPU.ActiveCfg = Debug|Any CPU
		{47ACE14B-4096-4EC3-926A-9D2EE550D34B}.Debug|Any CPU.Build.0 = Debug|Any CPU
		{47ACE14B-4096-4EC3-926A-9D2EE550D34B}.Release|Any CPU.ActiveCfg = Release|Any CPU
		{47ACE14B-4096-4EC3-926A-9D2EE550D34B}.Release|Any CPU.Build.0 = Release|Any CPU
	EndGlobalSection
EndGlobal
